
Microsoft Visual Studio Solution File, Format Version 12.00
# Visual Studio Version 17
VisualStudioVersion = 17.14.36623.8
MinimumVisualStudioVersion = 10.0.40219.1
Project("{FAE04EC0-301F-11D3-BF4B-00C04F79EFBC}") = "WcfServer", "WCF\WcfServer.csproj", "{B68998E1-4088-4D04-9E39-244B52FB3D88}"
EndProject
Global
	GlobalSection(SolutionConfigurationPlatforms) = preSolution
		Debug|Any CPU = Debug|Any CPU
		Release|Any CPU = Release|Any CPU
	EndGlobalSection
	GlobalSection(ProjectConfigurationPlatforms) = postSolution
		{B68998E1-4088-4D04-9E39-244B52FB3D88}.Debug|Any CPU.ActiveCfg = Debug|Any CPU
		{B68998E1-4088-4D04-9E39-244B52FB3D88}.Debug|Any CPU.Build.0 = Debug|Any CPU
		{B68998E1-4088-4D04-9E39-244B52FB3D88}.Release|Any CPU.ActiveCfg = Release|Any CPU
		{B68998E1-4088-4D04-9E39-244B52FB3D88}.Release|Any CPU.Build.0 = Release|Any CPU
	EndGlobalSection
	GlobalSection(SolutionProperties) = preSolution
		HideSolutionNode = FALSE
	EndGlobalSection
	GlobalSection(ExtensibilityGlobals) = postSolution
		SolutionGuid = {F23276B4-B7AF-4FBA-8DAA-AD75A73045C7}
	EndGlobalSection
EndGlobal
